
Microsoft Visual Studio Solution File, Format Version 12.00
# Visual Studio Version 16
VisualStudioVersion = 16.0.30717.126
MinimumVisualStudioVersion = 10.0.40219.1
Project("{9A19103F-16F7-4668-BE54-9A1E7A4F7556}") = "Rest Api Repo", "Rest Api Repo\Rest Api Repo.csproj", "{10FB5EE2-3BE8-488D-9AC2-4AB84B19B1E7}"
EndProject
Project("{E53339B2-1760-4266-BCC7-CA923CBCF16C}") = "docker-compose", "docker-compose.dcproj", "{CE166B79-2FA0-443E-AC2B-9C17DB727C6F}"
EndProject
Project("{9A19103F-16F7-4668-BE54-9A1E7A4F7556}") = "RestApi_IntegrationTest", "Restfull_IntegrationTest\RestApi_IntegrationTest.csproj", "{6907959B-9506-46D9-BBC2-B3038A7FA77B}"
EndProject
Project("{9A19103F-16F7-4668-BE54-9A1E7A4F7556}") = "RestApi_SDK", "Restful_SDK\RestApi_SDK.csproj", "{C3C69D57-DF92-46DD-9E2A-7E7A714A0BFF}"
EndProject
Project("{9A19103F-16F7-4668-BE54-9A1E7A4F7556}") = "RestApi_SDK_Sample", "RestFul_SDK_Sample\RestApi_SDK_Sample.csproj", "{856D8A3E-5365-4609-A151-ACF409E67EE0}"
EndProject
Project("{9A19103F-16F7-4668-BE54-9A1E7A4F7556}") = "RestApi_Contracts", "Restful_Contracts\RestApi_Contracts.csproj", "{2BC20DB5-3C16-44D4-A0C5-421A092BB52E}"
EndProject
Global
	GlobalSection(SolutionConfigurationPlatforms) = preSolution
		Debug|Any CPU = Debug|Any CPU
		Release|Any CPU = Release|Any CPU
	EndGlobalSection
	GlobalSection(ProjectConfigurationPlatforms) = postSolution
		{10FB5EE2-3BE8-488D-9AC2-4AB84B19B1E7}.Debug|Any CPU.ActiveCfg = Debug|Any CPU
		{10FB5EE2-3BE8-488D-9AC2-4AB84B19B1E7}.Debug|Any CPU.Build.0 = Debug|Any CPU
		{10FB5EE2-3BE8-488D-9AC2-4AB84B19B1E7}.Release|Any CPU.ActiveCfg = Release|Any CPU
		{10FB5EE2-3BE8-488D-9AC2-4AB84B19B1E7}.Release|Any CPU.Build.0 = Release|Any CPU
		{CE166B79-2FA0-443E-AC2B-9C17DB727C6F}.Debug|Any CPU.ActiveCfg = Debug|Any CPU
		{CE166B79-2FA0-443E-AC2B-9C17DB727C6F}.Debug|Any CPU.Build.0 = Debug|Any CPU
		{CE166B79-2FA0-443E-AC2B-9C17DB727C6F}.Release|Any CPU.ActiveCfg = Release|Any CPU
		{CE166B79-2FA0-443E-AC2B-9C17DB727C6F}.Release|Any CPU.Build.0 = Release|Any CPU
		{6907959B-9506-46D9-BBC2-B3038A7FA77B}.Debug|Any CPU.ActiveCfg = Debug|Any CPU
		{6907959B-9506-46D9-BBC2-B3038A7FA77B}.Debug|Any CPU.Build.0 = Debug|Any CPU
		{6907959B-9506-46D9-BBC2-B3038A7FA77B}.Release|Any CPU.ActiveCfg = Release|Any CPU
		{6907959B-9506-46D9-BBC2-B3038A7FA77B}.Release|Any CPU.Build.0 = Release|Any CPU
		{C3C69D57-DF92-46DD-9E2A-7E7A714A0BFF}.Debug|Any CPU.ActiveCfg = Debug|Any CPU
		{C3C69D57-DF92-46DD-9E2A-7E7A714A0BFF}.Debug|Any CPU.Build.0 = Debug|Any CPU
		{C3C69D57-DF92-46DD-9E2A-7E7A714A0BFF}.Release|Any CPU.ActiveCfg = Release|Any CPU
		{C3C69D57-DF92-46DD-9E2A-7E7A714A0BFF}.Release|Any CPU.Build.0 = Release|Any CPU
		{856D8A3E-5365-4609-A151-ACF409E67EE0}.Debug|Any CPU.ActiveCfg = Debug|Any CPU
		{856D8A3E-5365-4609-A151-ACF409E67EE0}.Debug|Any CPU.Build.0 = Debug|Any CPU
		{856D8A3E-5365-4609-A151-ACF409E67EE0}.Release|Any CPU.ActiveCfg = Release|Any CPU
		{856D8A3E-5365-4609-A151-ACF409E67EE0}.Release|Any CPU.Build.0 = Release|Any CPU
		{2BC20DB5-3C16-44D4-A0C5-421A092BB52E}.Debug|Any CPU.ActiveCfg = Debug|Any CPU
		{2BC20DB5-3C16-44D4-A0C5-421A092BB52E}.Debug|Any CPU.Build.0 = Debug|Any CPU
		{2BC20DB5-3C16-44D4-A0C5-421A092BB52E}.Release|Any CPU.ActiveCfg = Release|Any CPU
		{2BC20DB5-3C16-44D4-A0C5-421A092BB52E}.Release|Any CPU.Build.0 = Release|Any CPU
	EndGlobalSection
	GlobalSection(SolutionProperties) = preSolution
		HideSolutionNode = FALSE
	EndGlobalSection
	GlobalSection(ExtensibilityGlobals) = postSolution
		SolutionGuid = {EEFD9756-88D6-414C-890D-1EAE667BC6AA}
	EndGlobalSection
EndGlobal
