
Microsoft Visual Studio Solution File, Format Version 12.00
# Visual Studio Version 16
VisualStudioVersion = 16.0.30717.126
MinimumVisualStudioVersion = 10.0.40219.1
Project("{9A19103F-16F7-4668-BE54-9A1E7A4F7556}") = "RestApiRepo.Api", "src\RestApiRepo.API\RestApiRepo.Api.csproj", "{10FB5EE2-3BE8-488D-9AC2-4AB84B19B1E7}"
EndProject
Project("{E53339B2-1760-4266-BCC7-CA923CBCF16C}") = "docker-compose", "docker-compose.dcproj", "{CE166B79-2FA0-443E-AC2B-9C17DB727C6F}"
EndProject
Project("{9A19103F-16F7-4668-BE54-9A1E7A4F7556}") = "RestApi.Integration.Test", "tests\RestApi.Integration.Test\RestApi.Integration.Test.csproj", "{6907959B-9506-46D9-BBC2-B3038A7FA77B}"
EndProject
Project("{9A19103F-16F7-4668-BE54-9A1E7A4F7556}") = "RestApiRepo.SDK", "src\RestApiRepo.SDK\RestApiRepo.SDK.csproj", "{C3C69D57-DF92-46DD-9E2A-7E7A714A0BFF}"
EndProject
Project("{9A19103F-16F7-4668-BE54-9A1E7A4F7556}") = "RestApiRepo.SDK.Sample", "src\RestApiRepo.SDK.Sample\RestApiRepo.SDK.Sample.csproj", "{856D8A3E-5365-4609-A151-ACF409E67EE0}"
EndProject
Project("{9A19103F-16F7-4668-BE54-9A1E7A4F7556}") = "RestApiRepo.Contracts", "src\RestApiRepo.Contracts\RestApiRepo.Contracts.csproj", "{2BC20DB5-3C16-44D4-A0C5-421A092BB52E}"
EndProject
Project("{9A19103F-16F7-4668-BE54-9A1E7A4F7556}") = "RestApiRepo.Domain", "src\RestApiRepo.Domain\RestApiRepo.Domain.csproj", "{838A8B77-6298-4896-83A9-1B810B50B2AC}"
EndProject
Project("{2150E333-8FDC-42A3-9474-1A3956D46DE8}") = "src", "src", "{F285AB09-7D8E-453A-AF27-CAEF705AD8FE}"
EndProject
Project("{2150E333-8FDC-42A3-9474-1A3956D46DE8}") = "tests", "tests", "{053529AC-F485-4BB3-B2FA-CAC4C5CCFA06}"
EndProject
Project("{9A19103F-16F7-4668-BE54-9A1E7A4F7556}") = "RestApiRepo.Infrastructure", "src\RestApiRepo.Infrastructure\RestApiRepo.Infrastructure.csproj", "{48D3DD7D-5209-4D71-B0B7-B4F2A5075C0E}"
EndProject
Project("{2150E333-8FDC-42A3-9474-1A3956D46DE8}") = "EmailService", "EmailService", "{7BC962FA-ED99-4CA3-B9BA-31EF174715E1}"
EndProject
Project("{9A19103F-16F7-4668-BE54-9A1E7A4F7556}") = "EmailService.Api", "src\EmailService\EmailService.Api.csproj", "{7D941725-809D-41A2-8721-2988F98559CF}"
EndProject
Project("{9A19103F-16F7-4668-BE54-9A1E7A4F7556}") = "EmailService.Infrastructure", "src\EmailService.Infrastructure\EmailService.Infrastructure.csproj", "{11735C12-DB92-4BF8-8CFA-1CAC824A8F31}"
EndProject
Project("{9A19103F-16F7-4668-BE54-9A1E7A4F7556}") = "EmailService.Domain", "src\EmailService.Domain\EmailService.Domain.csproj", "{1F929E1D-645A-47B7-AB5F-86BAD2E97F22}"
EndProject
Project("{FAE04EC0-301F-11D3-BF4B-00C04F79EFBC}") = "SendGridSample", "src\SendGridSample\SendGridSample.csproj", "{F2DF1392-74AF-4AA8-A6FF-329CF6FD5408}"
EndProject
Global
	GlobalSection(SolutionConfigurationPlatforms) = preSolution
		Debug|Any CPU = Debug|Any CPU
		docker-compose|Any CPU = docker-compose|Any CPU
		Integration|Any CPU = Integration|Any CPU
		Release|Any CPU = Release|Any CPU
	EndGlobalSection
	GlobalSection(ProjectConfigurationPlatforms) = postSolution
		{10FB5EE2-3BE8-488D-9AC2-4AB84B19B1E7}.Debug|Any CPU.ActiveCfg = Debug|Any CPU
		{10FB5EE2-3BE8-488D-9AC2-4AB84B19B1E7}.Debug|Any CPU.Build.0 = Debug|Any CPU
		{10FB5EE2-3BE8-488D-9AC2-4AB84B19B1E7}.docker-compose|Any CPU.ActiveCfg = Debug|Any CPU
		{10FB5EE2-3BE8-488D-9AC2-4AB84B19B1E7}.docker-compose|Any CPU.Build.0 = Debug|Any CPU
		{10FB5EE2-3BE8-488D-9AC2-4AB84B19B1E7}.Integration|Any CPU.ActiveCfg = Integration|Any CPU
		{10FB5EE2-3BE8-488D-9AC2-4AB84B19B1E7}.Integration|Any CPU.Build.0 = Integration|Any CPU
		{10FB5EE2-3BE8-488D-9AC2-4AB84B19B1E7}.Release|Any CPU.ActiveCfg = Release|Any CPU
		{10FB5EE2-3BE8-488D-9AC2-4AB84B19B1E7}.Release|Any CPU.Build.0 = Release|Any CPU
		{CE166B79-2FA0-443E-AC2B-9C17DB727C6F}.Debug|Any CPU.ActiveCfg = Debug|Any CPU
		{CE166B79-2FA0-443E-AC2B-9C17DB727C6F}.Debug|Any CPU.Build.0 = Debug|Any CPU
		{CE166B79-2FA0-443E-AC2B-9C17DB727C6F}.docker-compose|Any CPU.ActiveCfg = Debug|Any CPU
		{CE166B79-2FA0-443E-AC2B-9C17DB727C6F}.docker-compose|Any CPU.Build.0 = Debug|Any CPU
		{CE166B79-2FA0-443E-AC2B-9C17DB727C6F}.Integration|Any CPU.ActiveCfg = Release|Any CPU
		{CE166B79-2FA0-443E-AC2B-9C17DB727C6F}.Integration|Any CPU.Build.0 = Release|Any CPU
		{CE166B79-2FA0-443E-AC2B-9C17DB727C6F}.Release|Any CPU.ActiveCfg = Release|Any CPU
		{CE166B79-2FA0-443E-AC2B-9C17DB727C6F}.Release|Any CPU.Build.0 = Release|Any CPU
		{6907959B-9506-46D9-BBC2-B3038A7FA77B}.Debug|Any CPU.ActiveCfg = Debug|Any CPU
		{6907959B-9506-46D9-BBC2-B3038A7FA77B}.Debug|Any CPU.Build.0 = Debug|Any CPU
		{6907959B-9506-46D9-BBC2-B3038A7FA77B}.docker-compose|Any CPU.ActiveCfg = docker-compose|Any CPU
		{6907959B-9506-46D9-BBC2-B3038A7FA77B}.docker-compose|Any CPU.Build.0 = docker-compose|Any CPU
		{6907959B-9506-46D9-BBC2-B3038A7FA77B}.Integration|Any CPU.ActiveCfg = docker-compose|Any CPU
		{6907959B-9506-46D9-BBC2-B3038A7FA77B}.Integration|Any CPU.Build.0 = docker-compose|Any CPU
		{6907959B-9506-46D9-BBC2-B3038A7FA77B}.Release|Any CPU.ActiveCfg = Release|Any CPU
		{6907959B-9506-46D9-BBC2-B3038A7FA77B}.Release|Any CPU.Build.0 = Release|Any CPU
		{C3C69D57-DF92-46DD-9E2A-7E7A714A0BFF}.Debug|Any CPU.ActiveCfg = Debug|Any CPU
		{C3C69D57-DF92-46DD-9E2A-7E7A714A0BFF}.Debug|Any CPU.Build.0 = Debug|Any CPU
		{C3C69D57-DF92-46DD-9E2A-7E7A714A0BFF}.docker-compose|Any CPU.ActiveCfg = Debug|Any CPU
		{C3C69D57-DF92-46DD-9E2A-7E7A714A0BFF}.docker-compose|Any CPU.Build.0 = Debug|Any CPU
		{C3C69D57-DF92-46DD-9E2A-7E7A714A0BFF}.Integration|Any CPU.ActiveCfg = Release|Any CPU
		{C3C69D57-DF92-46DD-9E2A-7E7A714A0BFF}.Integration|Any CPU.Build.0 = Release|Any CPU
		{C3C69D57-DF92-46DD-9E2A-7E7A714A0BFF}.Release|Any CPU.ActiveCfg = Release|Any CPU
		{C3C69D57-DF92-46DD-9E2A-7E7A714A0BFF}.Release|Any CPU.Build.0 = Release|Any CPU
		{856D8A3E-5365-4609-A151-ACF409E67EE0}.Debug|Any CPU.ActiveCfg = Debug|Any CPU
		{856D8A3E-5365-4609-A151-ACF409E67EE0}.Debug|Any CPU.Build.0 = Debug|Any CPU
		{856D8A3E-5365-4609-A151-ACF409E67EE0}.docker-compose|Any CPU.ActiveCfg = Debug|Any CPU
		{856D8A3E-5365-4609-A151-ACF409E67EE0}.docker-compose|Any CPU.Build.0 = Debug|Any CPU
		{856D8A3E-5365-4609-A151-ACF409E67EE0}.Integration|Any CPU.ActiveCfg = Release|Any CPU
		{856D8A3E-5365-4609-A151-ACF409E67EE0}.Integration|Any CPU.Build.0 = Release|Any CPU
		{856D8A3E-5365-4609-A151-ACF409E67EE0}.Release|Any CPU.ActiveCfg = Release|Any CPU
		{856D8A3E-5365-4609-A151-ACF409E67EE0}.Release|Any CPU.Build.0 = Release|Any CPU
		{2BC20DB5-3C16-44D4-A0C5-421A092BB52E}.Debug|Any CPU.ActiveCfg = Debug|Any CPU
		{2BC20DB5-3C16-44D4-A0C5-421A092BB52E}.Debug|Any CPU.Build.0 = Debug|Any CPU
		{2BC20DB5-3C16-44D4-A0C5-421A092BB52E}.docker-compose|Any CPU.ActiveCfg = Debug|Any CPU
		{2BC20DB5-3C16-44D4-A0C5-421A092BB52E}.docker-compose|Any CPU.Build.0 = Debug|Any CPU
		{2BC20DB5-3C16-44D4-A0C5-421A092BB52E}.Integration|Any CPU.ActiveCfg = Release|Any CPU
		{2BC20DB5-3C16-44D4-A0C5-421A092BB52E}.Integration|Any CPU.Build.0 = Release|Any CPU
		{2BC20DB5-3C16-44D4-A0C5-421A092BB52E}.Release|Any CPU.ActiveCfg = Release|Any CPU
		{2BC20DB5-3C16-44D4-A0C5-421A092BB52E}.Release|Any CPU.Build.0 = Release|Any CPU
		{838A8B77-6298-4896-83A9-1B810B50B2AC}.Debug|Any CPU.ActiveCfg = Debug|Any CPU
		{838A8B77-6298-4896-83A9-1B810B50B2AC}.Debug|Any CPU.Build.0 = Debug|Any CPU
		{838A8B77-6298-4896-83A9-1B810B50B2AC}.docker-compose|Any CPU.ActiveCfg = Debug|Any CPU
		{838A8B77-6298-4896-83A9-1B810B50B2AC}.docker-compose|Any CPU.Build.0 = Debug|Any CPU
		{838A8B77-6298-4896-83A9-1B810B50B2AC}.Integration|Any CPU.ActiveCfg = Debug|Any CPU
		{838A8B77-6298-4896-83A9-1B810B50B2AC}.Integration|Any CPU.Build.0 = Debug|Any CPU
		{838A8B77-6298-4896-83A9-1B810B50B2AC}.Release|Any CPU.ActiveCfg = Release|Any CPU
		{838A8B77-6298-4896-83A9-1B810B50B2AC}.Release|Any CPU.Build.0 = Release|Any CPU
		{48D3DD7D-5209-4D71-B0B7-B4F2A5075C0E}.Debug|Any CPU.ActiveCfg = Debug|Any CPU
		{48D3DD7D-5209-4D71-B0B7-B4F2A5075C0E}.Debug|Any CPU.Build.0 = Debug|Any CPU
		{48D3DD7D-5209-4D71-B0B7-B4F2A5075C0E}.docker-compose|Any CPU.ActiveCfg = Debug|Any CPU
		{48D3DD7D-5209-4D71-B0B7-B4F2A5075C0E}.docker-compose|Any CPU.Build.0 = Debug|Any CPU
		{48D3DD7D-5209-4D71-B0B7-B4F2A5075C0E}.Integration|Any CPU.ActiveCfg = Debug|Any CPU
		{48D3DD7D-5209-4D71-B0B7-B4F2A5075C0E}.Integration|Any CPU.Build.0 = Debug|Any CPU
		{48D3DD7D-5209-4D71-B0B7-B4F2A5075C0E}.Release|Any CPU.ActiveCfg = Release|Any CPU
		{48D3DD7D-5209-4D71-B0B7-B4F2A5075C0E}.Release|Any CPU.Build.0 = Release|Any CPU
		{7D941725-809D-41A2-8721-2988F98559CF}.Debug|Any CPU.ActiveCfg = Debug|Any CPU
		{7D941725-809D-41A2-8721-2988F98559CF}.Debug|Any CPU.Build.0 = Debug|Any CPU
		{7D941725-809D-41A2-8721-2988F98559CF}.docker-compose|Any CPU.ActiveCfg = Debug|Any CPU
		{7D941725-809D-41A2-8721-2988F98559CF}.docker-compose|Any CPU.Build.0 = Debug|Any CPU
		{7D941725-809D-41A2-8721-2988F98559CF}.Integration|Any CPU.ActiveCfg = Debug|Any CPU
		{7D941725-809D-41A2-8721-2988F98559CF}.Integration|Any CPU.Build.0 = Debug|Any CPU
		{7D941725-809D-41A2-8721-2988F98559CF}.Release|Any CPU.ActiveCfg = Release|Any CPU
		{7D941725-809D-41A2-8721-2988F98559CF}.Release|Any CPU.Build.0 = Release|Any CPU
		{11735C12-DB92-4BF8-8CFA-1CAC824A8F31}.Debug|Any CPU.ActiveCfg = Debug|Any CPU
		{11735C12-DB92-4BF8-8CFA-1CAC824A8F31}.Debug|Any CPU.Build.0 = Debug|Any CPU
		{11735C12-DB92-4BF8-8CFA-1CAC824A8F31}.docker-compose|Any CPU.ActiveCfg = Debug|Any CPU
		{11735C12-DB92-4BF8-8CFA-1CAC824A8F31}.docker-compose|Any CPU.Build.0 = Debug|Any CPU
		{11735C12-DB92-4BF8-8CFA-1CAC824A8F31}.Integration|Any CPU.ActiveCfg = Debug|Any CPU
		{11735C12-DB92-4BF8-8CFA-1CAC824A8F31}.Integration|Any CPU.Build.0 = Debug|Any CPU
		{11735C12-DB92-4BF8-8CFA-1CAC824A8F31}.Release|Any CPU.ActiveCfg = Release|Any CPU
		{11735C12-DB92-4BF8-8CFA-1CAC824A8F31}.Release|Any CPU.Build.0 = Release|Any CPU
		{1F929E1D-645A-47B7-AB5F-86BAD2E97F22}.Debug|Any CPU.ActiveCfg = Debug|Any CPU
		{1F929E1D-645A-47B7-AB5F-86BAD2E97F22}.Debug|Any CPU.Build.0 = Debug|Any CPU
		{1F929E1D-645A-47B7-AB5F-86BAD2E97F22}.docker-compose|Any CPU.ActiveCfg = Debug|Any CPU
		{1F929E1D-645A-47B7-AB5F-86BAD2E97F22}.docker-compose|Any CPU.Build.0 = Debug|Any CPU
		{1F929E1D-645A-47B7-AB5F-86BAD2E97F22}.Integration|Any CPU.ActiveCfg = Debug|Any CPU
		{1F929E1D-645A-47B7-AB5F-86BAD2E97F22}.Integration|Any CPU.Build.0 = Debug|Any CPU
		{1F929E1D-645A-47B7-AB5F-86BAD2E97F22}.Release|Any CPU.ActiveCfg = Release|Any CPU
		{1F929E1D-645A-47B7-AB5F-86BAD2E97F22}.Release|Any CPU.Build.0 = Release|Any CPU
		{F2DF1392-74AF-4AA8-A6FF-329CF6FD5408}.Debug|Any CPU.ActiveCfg = Debug|Any CPU
		{F2DF1392-74AF-4AA8-A6FF-329CF6FD5408}.Debug|Any CPU.Build.0 = Debug|Any CPU
		{F2DF1392-74AF-4AA8-A6FF-329CF6FD5408}.docker-compose|Any CPU.ActiveCfg = Debug|Any CPU
		{F2DF1392-74AF-4AA8-A6FF-329CF6FD5408}.docker-compose|Any CPU.Build.0 = Debug|Any CPU
		{F2DF1392-74AF-4AA8-A6FF-329CF6FD5408}.Integration|Any CPU.ActiveCfg = Debug|Any CPU
		{F2DF1392-74AF-4AA8-A6FF-329CF6FD5408}.Integration|Any CPU.Build.0 = Debug|Any CPU
		{F2DF1392-74AF-4AA8-A6FF-329CF6FD5408}.Release|Any CPU.ActiveCfg = Release|Any CPU
		{F2DF1392-74AF-4AA8-A6FF-329CF6FD5408}.Release|Any CPU.Build.0 = Release|Any CPU
	EndGlobalSection
	GlobalSection(SolutionProperties) = preSolution
		HideSolutionNode = FALSE
	EndGlobalSection
	GlobalSection(NestedProjects) = preSolution
		{10FB5EE2-3BE8-488D-9AC2-4AB84B19B1E7} = {F285AB09-7D8E-453A-AF27-CAEF705AD8FE}
		{6907959B-9506-46D9-BBC2-B3038A7FA77B} = {053529AC-F485-4BB3-B2FA-CAC4C5CCFA06}
		{C3C69D57-DF92-46DD-9E2A-7E7A714A0BFF} = {F285AB09-7D8E-453A-AF27-CAEF705AD8FE}
		{856D8A3E-5365-4609-A151-ACF409E67EE0} = {F285AB09-7D8E-453A-AF27-CAEF705AD8FE}
		{2BC20DB5-3C16-44D4-A0C5-421A092BB52E} = {F285AB09-7D8E-453A-AF27-CAEF705AD8FE}
		{838A8B77-6298-4896-83A9-1B810B50B2AC} = {F285AB09-7D8E-453A-AF27-CAEF705AD8FE}
		{48D3DD7D-5209-4D71-B0B7-B4F2A5075C0E} = {F285AB09-7D8E-453A-AF27-CAEF705AD8FE}
		{7D941725-809D-41A2-8721-2988F98559CF} = {7BC962FA-ED99-4CA3-B9BA-31EF174715E1}
		{11735C12-DB92-4BF8-8CFA-1CAC824A8F31} = {7BC962FA-ED99-4CA3-B9BA-31EF174715E1}
		{1F929E1D-645A-47B7-AB5F-86BAD2E97F22} = {7BC962FA-ED99-4CA3-B9BA-31EF174715E1}
		{F2DF1392-74AF-4AA8-A6FF-329CF6FD5408} = {7BC962FA-ED99-4CA3-B9BA-31EF174715E1}
	EndGlobalSection
	GlobalSection(ExtensibilityGlobals) = postSolution
		SolutionGuid = {EEFD9756-88D6-414C-890D-1EAE667BC6AA}
	EndGlobalSection
EndGlobal
